
Microsoft Visual Studio Solution File, Format Version 12.00
# Visual Studio Version 17
VisualStudioVersion = 17.13.35825.156 d17.13
MinimumVisualStudioVersion = 10.0.40219.1
Project("{FAE04EC0-301F-11D3-BF4B-00C04F79EFBC}") = "Practika1", "Practika1\Practika1.csproj", "{C0B4EEF2-47BD-4802-8918-A87C22FBFE15}"
EndProject
Global
	GlobalSection(SolutionConfigurationPlatforms) = preSolution
		Debug|Any CPU = Debug|Any CPU
		Release|Any CPU = Release|Any CPU
	EndGlobalSection
	GlobalSection(ProjectConfigurationPlatforms) = postSolution
		{C0B4EEF2-47BD-4802-8918-A87C22FBFE15}.Debug|Any CPU.ActiveCfg = Debug|Any CPU
		{C0B4EEF2-47BD-4802-8918-A87C22FBFE15}.Debug|Any CPU.Build.0 = Debug|Any CPU
		{C0B4EEF2-47BD-4802-8918-A87C22FBFE15}.Release|Any CPU.ActiveCfg = Release|Any CPU
		{C0B4EEF2-47BD-4802-8918-A87C22FBFE15}.Release|Any CPU.Build.0 = Release|Any CPU
	EndGlobalSection
	GlobalSection(SolutionProperties) = preSolution
		HideSolutionNode = FALSE
	EndGlobalSection
	GlobalSection(ExtensibilityGlobals) = postSolution
		SolutionGuid = {22533370-C458-4917-B6B3-88DA214A4F3E}
	EndGlobalSection
EndGlobal
